
Microsoft Visual Studio Solution File, Format Version 12.00
# Visual Studio Version 17
VisualStudioVersion = 17.2.32616.157
MinimumVisualStudioVersion = 10.0.40219.1
Project("{FAE04EC0-301F-11D3-BF4B-00C04F79EFBC}") = "Data", "Data\Data.csproj", "{139CD08B-7097-4012-8808-451F1486F5FE}"
EndProject
Project("{FAE04EC0-301F-11D3-BF4B-00C04F79EFBC}") = "ProjectManagment", "ProjectManagment\ProjectManagment.csproj", "{4059621C-DBBC-4162-9AE2-6FF319A8B2AD}"
EndProject
Global
	GlobalSection(SolutionConfigurationPlatforms) = preSolution
		Debug|Any CPU = Debug|Any CPU
		Release|Any CPU = Release|Any CPU
	EndGlobalSection
	GlobalSection(ProjectConfigurationPlatforms) = postSolution
		{139CD08B-7097-4012-8808-451F1486F5FE}.Debug|Any CPU.ActiveCfg = Debug|Any CPU
		{139CD08B-7097-4012-8808-451F1486F5FE}.Debug|Any CPU.Build.0 = Debug|Any CPU
		{139CD08B-7097-4012-8808-451F1486F5FE}.Release|Any CPU.ActiveCfg = Release|Any CPU
		{139CD08B-7097-4012-8808-451F1486F5FE}.Release|Any CPU.Build.0 = Release|Any CPU
		{4059621C-DBBC-4162-9AE2-6FF319A8B2AD}.Debug|Any CPU.ActiveCfg = Debug|Any CPU
		{4059621C-DBBC-4162-9AE2-6FF319A8B2AD}.Debug|Any CPU.Build.0 = Debug|Any CPU
		{4059621C-DBBC-4162-9AE2-6FF319A8B2AD}.Release|Any CPU.ActiveCfg = Release|Any CPU
		{4059621C-DBBC-4162-9AE2-6FF319A8B2AD}.Release|Any CPU.Build.0 = Release|Any CPU
	EndGlobalSection
	GlobalSection(SolutionProperties) = preSolution
		HideSolutionNode = FALSE
	EndGlobalSection
	GlobalSection(ExtensibilityGlobals) = postSolution
		SolutionGuid = {3A4A502D-C55D-4A51-A3EC-CFF826733397}
	EndGlobalSection
EndGlobal
